
Microsoft Visual Studio Solution File, Format Version 12.00
# Visual Studio 15
VisualStudioVersion = 15.0.26730.15
MinimumVisualStudioVersion = 10.0.40219.1
Project("{FAE04EC0-301F-11D3-BF4B-00C04F79EFBC}") = "SudokuSolver", "SudokuSolver\SudokuSolver.csproj", "{FD486B47-38DC-4E79-92AE-C2C7F8067CF5}"
EndProject
Global
	GlobalSection(SolutionConfigurationPlatforms) = preSolution
		Debug|Any CPU = Debug|Any CPU
		Release|Any CPU = Release|Any CPU
	EndGlobalSection
	GlobalSection(ProjectConfigurationPlatforms) = postSolution
		{FD486B47-38DC-4E79-92AE-C2C7F8067CF5}.Debug|Any CPU.ActiveCfg = Debug|Any CPU
		{FD486B47-38DC-4E79-92AE-C2C7F8067CF5}.Debug|Any CPU.Build.0 = Debug|Any CPU
		{FD486B47-38DC-4E79-92AE-C2C7F8067CF5}.Release|Any CPU.ActiveCfg = Release|Any CPU
		{FD486B47-38DC-4E79-92AE-C2C7F8067CF5}.Release|Any CPU.Build.0 = Release|Any CPU
	EndGlobalSection
	GlobalSection(SolutionProperties) = preSolution
		HideSolutionNode = FALSE
	EndGlobalSection
	GlobalSection(ExtensibilityGlobals) = postSolution
		SolutionGuid = {970D3024-9E78-4506-9FB5-01F463A34515}
	EndGlobalSection
EndGlobal
